
Microsoft Visual Studio Solution File, Format Version 12.00
# Visual Studio Version 16
VisualStudioVersion = 16.0.31321.278
MinimumVisualStudioVersion = 10.0.40219.1
Project("{9A19103F-16F7-4668-BE54-9A1E7A4F7556}") = "dapr_aspnetcore", "dapr_aspnetcore\dapr_aspnetcore.csproj", "{86EBED79-FC76-4A1A-9011-8E138E23B2EA}"
EndProject
Project("{E53339B2-1760-4266-BCC7-CA923CBCF16C}") = "docker-compose", "docker-compose.dcproj", "{0783FD77-E229-47E7-B88D-1157F8701CED}"
EndProject
Project("{2150E333-8FDC-42A3-9474-1A3956D46DE8}") = "Lib", "Lib", "{3D8EE5CB-63B7-4A38-B7C4-B9886A3946E9}"
EndProject
Project("{2150E333-8FDC-42A3-9474-1A3956D46DE8}") = "DaprServices", "DaprServices", "{5CD80AC5-5649-49F3-83C0-128291072FED}"
EndProject
Project("{2150E333-8FDC-42A3-9474-1A3956D46DE8}") = "Models", "Models", "{1C1AF528-8A88-4072-9070-02E53B16EBD0}"
EndProject
Project("{9A19103F-16F7-4668-BE54-9A1E7A4F7556}") = "DataModel", "Lib\DataModel\DataModel\DataModel.csproj", "{B19D19B5-367C-4C3C-8391-5C72BF2F878A}"
EndProject
Project("{9A19103F-16F7-4668-BE54-9A1E7A4F7556}") = "DaprApp", "Lib\Dapr\DaprApp\DaprApp.csproj", "{1D439B1F-89C7-474D-8B17-88FA3DE48713}"
EndProject
Project("{FAE04EC0-301F-11D3-BF4B-00C04F79EFBC}") = "MainWebApi", "MainWebApi\MainWebApi.csproj", "{CD192785-62FA-4F5F-B3FE-858B46EE77B3}"
EndProject
Global
	GlobalSection(SolutionConfigurationPlatforms) = preSolution
		Debug|Any CPU = Debug|Any CPU
		Release|Any CPU = Release|Any CPU
	EndGlobalSection
	GlobalSection(ProjectConfigurationPlatforms) = postSolution
		{86EBED79-FC76-4A1A-9011-8E138E23B2EA}.Debug|Any CPU.ActiveCfg = Debug|Any CPU
		{86EBED79-FC76-4A1A-9011-8E138E23B2EA}.Debug|Any CPU.Build.0 = Debug|Any CPU
		{86EBED79-FC76-4A1A-9011-8E138E23B2EA}.Release|Any CPU.ActiveCfg = Release|Any CPU
		{86EBED79-FC76-4A1A-9011-8E138E23B2EA}.Release|Any CPU.Build.0 = Release|Any CPU
		{0783FD77-E229-47E7-B88D-1157F8701CED}.Debug|Any CPU.ActiveCfg = Debug|Any CPU
		{0783FD77-E229-47E7-B88D-1157F8701CED}.Debug|Any CPU.Build.0 = Debug|Any CPU
		{0783FD77-E229-47E7-B88D-1157F8701CED}.Release|Any CPU.ActiveCfg = Release|Any CPU
		{0783FD77-E229-47E7-B88D-1157F8701CED}.Release|Any CPU.Build.0 = Release|Any CPU
		{B19D19B5-367C-4C3C-8391-5C72BF2F878A}.Debug|Any CPU.ActiveCfg = Debug|Any CPU
		{B19D19B5-367C-4C3C-8391-5C72BF2F878A}.Debug|Any CPU.Build.0 = Debug|Any CPU
		{B19D19B5-367C-4C3C-8391-5C72BF2F878A}.Release|Any CPU.ActiveCfg = Release|Any CPU
		{B19D19B5-367C-4C3C-8391-5C72BF2F878A}.Release|Any CPU.Build.0 = Release|Any CPU
		{1D439B1F-89C7-474D-8B17-88FA3DE48713}.Debug|Any CPU.ActiveCfg = Debug|Any CPU
		{1D439B1F-89C7-474D-8B17-88FA3DE48713}.Debug|Any CPU.Build.0 = Debug|Any CPU
		{1D439B1F-89C7-474D-8B17-88FA3DE48713}.Release|Any CPU.ActiveCfg = Release|Any CPU
		{1D439B1F-89C7-474D-8B17-88FA3DE48713}.Release|Any CPU.Build.0 = Release|Any CPU
		{CD192785-62FA-4F5F-B3FE-858B46EE77B3}.Debug|Any CPU.ActiveCfg = Debug|Any CPU
		{CD192785-62FA-4F5F-B3FE-858B46EE77B3}.Debug|Any CPU.Build.0 = Debug|Any CPU
		{CD192785-62FA-4F5F-B3FE-858B46EE77B3}.Release|Any CPU.ActiveCfg = Release|Any CPU
		{CD192785-62FA-4F5F-B3FE-858B46EE77B3}.Release|Any CPU.Build.0 = Release|Any CPU
	EndGlobalSection
	GlobalSection(SolutionProperties) = preSolution
		HideSolutionNode = FALSE
	EndGlobalSection
	GlobalSection(NestedProjects) = preSolution
		{5CD80AC5-5649-49F3-83C0-128291072FED} = {3D8EE5CB-63B7-4A38-B7C4-B9886A3946E9}
		{1C1AF528-8A88-4072-9070-02E53B16EBD0} = {3D8EE5CB-63B7-4A38-B7C4-B9886A3946E9}
		{B19D19B5-367C-4C3C-8391-5C72BF2F878A} = {1C1AF528-8A88-4072-9070-02E53B16EBD0}
		{1D439B1F-89C7-474D-8B17-88FA3DE48713} = {5CD80AC5-5649-49F3-83C0-128291072FED}
	EndGlobalSection
	GlobalSection(ExtensibilityGlobals) = postSolution
		SolutionGuid = {4416E2DD-9AE8-4DD9-ACA9-B8755330C380}
	EndGlobalSection
EndGlobal
